
Microsoft Visual Studio Solution File, Format Version 12.00
# Visual Studio Version 16
VisualStudioVersion = 16.0.30717.126
MinimumVisualStudioVersion = 10.0.40219.1
Project("{9A19103F-16F7-4668-BE54-9A1E7A4F7556}") = "ProjetCESI.Web", "ProjetCESI.Web\ProjetCESI.Web.csproj", "{13742AEB-DA6C-4692-860A-BB7ED3C02640}"
EndProject
Project("{9A19103F-16F7-4668-BE54-9A1E7A4F7556}") = "ProjetCESI.Core", "ProjetCESI.Core\ProjetCESI.Core.csproj", "{F478E27F-3BB3-47E7-8193-39CC0E9252BD}"
EndProject
Project("{9A19103F-16F7-4668-BE54-9A1E7A4F7556}") = "ProjetCESI.Data", "ProjetCESI.Data\ProjetCESI.Data.csproj", "{40F7A628-9544-4F04-8230-69332BF420B1}"
EndProject
Project("{9A19103F-16F7-4668-BE54-9A1E7A4F7556}") = "ProjetCESI.Metier", "ProjetCESI.Metier\ProjetCESI.Metier.csproj", "{125EEE08-99D7-4632-A2E7-34280D6827A4}"
EndProject
Project("{FAE04EC0-301F-11D3-BF4B-00C04F79EFBC}") = "ProjetCESI.Data.Tests", "ProjetCESI.Data.Tests\ProjetCESI.Data.Tests.csproj", "{A9A6BE8F-C3C3-47D1-BF26-DB5BF8E6A84C}"
EndProject
Project("{FAE04EC0-301F-11D3-BF4B-00C04F79EFBC}") = "ProjetCESI.Metier.Tests", "ProjetCESI.Metier.Tests\ProjetCESI.Metier.Tests.csproj", "{143CE88B-22D3-4FF8-B9FC-A4831DC925D9}"
EndProject
Project("{FAE04EC0-301F-11D3-BF4B-00C04F79EFBC}") = "ProjetCESI.Web.Tests", "ProjetCESI.Web.Tests\ProjetCESI.Web.Tests.csproj", "{D63F20D6-0E82-40D8-9BF2-F112202B45D3}"
EndProject
Global
	GlobalSection(SolutionConfigurationPlatforms) = preSolution
		Debug|Any CPU = Debug|Any CPU
		Release|Any CPU = Release|Any CPU
	EndGlobalSection
	GlobalSection(ProjectConfigurationPlatforms) = postSolution
		{13742AEB-DA6C-4692-860A-BB7ED3C02640}.Debug|Any CPU.ActiveCfg = Debug|Any CPU
		{13742AEB-DA6C-4692-860A-BB7ED3C02640}.Debug|Any CPU.Build.0 = Debug|Any CPU
		{13742AEB-DA6C-4692-860A-BB7ED3C02640}.Release|Any CPU.ActiveCfg = Release|Any CPU
		{13742AEB-DA6C-4692-860A-BB7ED3C02640}.Release|Any CPU.Build.0 = Release|Any CPU
		{F478E27F-3BB3-47E7-8193-39CC0E9252BD}.Debug|Any CPU.ActiveCfg = Debug|Any CPU
		{F478E27F-3BB3-47E7-8193-39CC0E9252BD}.Debug|Any CPU.Build.0 = Debug|Any CPU
		{F478E27F-3BB3-47E7-8193-39CC0E9252BD}.Release|Any CPU.ActiveCfg = Release|Any CPU
		{F478E27F-3BB3-47E7-8193-39CC0E9252BD}.Release|Any CPU.Build.0 = Release|Any CPU
		{40F7A628-9544-4F04-8230-69332BF420B1}.Debug|Any CPU.ActiveCfg = Debug|Any CPU
		{40F7A628-9544-4F04-8230-69332BF420B1}.Debug|Any CPU.Build.0 = Debug|Any CPU
		{40F7A628-9544-4F04-8230-69332BF420B1}.Release|Any CPU.ActiveCfg = Release|Any CPU
		{40F7A628-9544-4F04-8230-69332BF420B1}.Release|Any CPU.Build.0 = Release|Any CPU
		{125EEE08-99D7-4632-A2E7-34280D6827A4}.Debug|Any CPU.ActiveCfg = Debug|Any CPU
		{125EEE08-99D7-4632-A2E7-34280D6827A4}.Debug|Any CPU.Build.0 = Debug|Any CPU
		{125EEE08-99D7-4632-A2E7-34280D6827A4}.Release|Any CPU.ActiveCfg = Release|Any CPU
		{125EEE08-99D7-4632-A2E7-34280D6827A4}.Release|Any CPU.Build.0 = Release|Any CPU
		{A9A6BE8F-C3C3-47D1-BF26-DB5BF8E6A84C}.Debug|Any CPU.ActiveCfg = Debug|Any CPU
		{A9A6BE8F-C3C3-47D1-BF26-DB5BF8E6A84C}.Debug|Any CPU.Build.0 = Debug|Any CPU
		{A9A6BE8F-C3C3-47D1-BF26-DB5BF8E6A84C}.Release|Any CPU.ActiveCfg = Release|Any CPU
		{A9A6BE8F-C3C3-47D1-BF26-DB5BF8E6A84C}.Release|Any CPU.Build.0 = Release|Any CPU
		{143CE88B-22D3-4FF8-B9FC-A4831DC925D9}.Debug|Any CPU.ActiveCfg = Debug|Any CPU
		{143CE88B-22D3-4FF8-B9FC-A4831DC925D9}.Debug|Any CPU.Build.0 = Debug|Any CPU
		{143CE88B-22D3-4FF8-B9FC-A4831DC925D9}.Release|Any CPU.ActiveCfg = Release|Any CPU
		{143CE88B-22D3-4FF8-B9FC-A4831DC925D9}.Release|Any CPU.Build.0 = Release|Any CPU
		{D63F20D6-0E82-40D8-9BF2-F112202B45D3}.Debug|Any CPU.ActiveCfg = Debug|Any CPU
		{D63F20D6-0E82-40D8-9BF2-F112202B45D3}.Debug|Any CPU.Build.0 = Debug|Any CPU
		{D63F20D6-0E82-40D8-9BF2-F112202B45D3}.Release|Any CPU.ActiveCfg = Release|Any CPU
		{D63F20D6-0E82-40D8-9BF2-F112202B45D3}.Release|Any CPU.Build.0 = Release|Any CPU
	EndGlobalSection
	GlobalSection(SolutionProperties) = preSolution
		HideSolutionNode = FALSE
	EndGlobalSection
	GlobalSection(ExtensibilityGlobals) = postSolution
		SolutionGuid = {64DE889D-0689-48EB-8FBE-3ED226BCA8D2}
	EndGlobalSection
EndGlobal
